// !$*UTF8*$!
{
	archiveVersion = 1;
	classes = {
	};
	objectVersion = 56;
	objects = {

/* Begin PBXBuildFile section */
		APP001 /* TypoFixrApp.swift in Sources */ = {isa = PBXBuildFile; fileRef = SRC001 /* TypoFixrApp.swift */; };
		APP002 /* AppDelegate.swift in Sources */ = {isa = PBXBuildFile; fileRef = SRC002 /* AppDelegate.swift */; };
		APP003 /* AppState.swift in Sources */ = {isa = PBXBuildFile; fileRef = SRC003 /* AppState.swift */; };
		APP004 /* Correction.swift in Sources */ = {isa = PBXBuildFile; fileRef = SRC004 /* Correction.swift */; };
		APP007 /* HotkeyService.swift in Sources */ = {isa = PBXBuildFile; fileRef = SRC007 /* HotkeyService.swift */; };
		APP009 /* TextCorrectionService.swift in Sources */ = {isa = PBXBuildFile; fileRef = SRC009 /* TextCorrectionService.swift */; };
		APP010 /* DatabaseManager.swift in Sources */ = {isa = PBXBuildFile; fileRef = SRC010 /* DatabaseManager.swift */; };
		APP011 /* MenuBarView.swift in Sources */ = {isa = PBXBuildFile; fileRef = SRC011 /* MenuBarView.swift */; };
		APP012 /* SettingsView.swift in Sources */ = {isa = PBXBuildFile; fileRef = SRC012 /* SettingsView.swift */; };
		APP013 /* OnboardingView.swift in Sources */ = {isa = PBXBuildFile; fileRef = SRC013 /* OnboardingView.swift */; };
		APP014 /* GroqService.swift in Sources */ = {isa = PBXBuildFile; fileRef = SRC014 /* GroqService.swift */; };
		APP015 /* SecurityService.swift in Sources */ = {isa = PBXBuildFile; fileRef = SRC015 /* SecurityService.swift */; };
		APP016 /* NetworkMonitor.swift in Sources */ = {isa = PBXBuildFile; fileRef = SRC016 /* NetworkMonitor.swift */; };
		APP017 /* HUDService.swift in Sources */ = {isa = PBXBuildFile; fileRef = SRC017 /* HUDService.swift */; };
		APP018 /* HUDView.swift in Sources */ = {isa = PBXBuildFile; fileRef = SRC018 /* HUDView.swift */; };
		APP019 /* OnboardingFlow.swift in Sources */ = {isa = PBXBuildFile; fileRef = SRC019 /* OnboardingFlow.swift */; };
		APP020 /* Branding.swift in Sources */ = {isa = PBXBuildFile; fileRef = SRC020 /* Branding.swift */; };
		APP022 /* TelemetryService.swift in Sources */ = {isa = PBXBuildFile; fileRef = SRC021 /* TelemetryService.swift */; };
		APP021 /* Assets.xcassets in Resources */ = {isa = PBXBuildFile; fileRef = ASSET001 /* Assets.xcassets */; };
		PKG001 /* SQLite in Frameworks */ = {isa = PBXBuildFile; productRef = PKGREF001 /* SQLite */; };
		PKG002 /* HotKey in Frameworks */ = {isa = PBXBuildFile; productRef = PKGREF002 /* HotKey */; };
		PKG003 /* TelemetryDeck in Frameworks */ = {isa = PBXBuildFile; productRef = PKGREF003 /* TelemetryDeck */; };
		TAPP001 /* WhitespaceNormalizationTests.swift in Sources */ = {isa = PBXBuildFile; fileRef = TST001 /* WhitespaceNormalizationTests.swift */; };
		TAPP002 /* HUDViewTests.swift in Sources */ = {isa = PBXBuildFile; fileRef = TST002 /* HUDViewTests.swift */; };
		TAPP004 /* CorrectionTests.swift in Sources */ = {isa = PBXBuildFile; fileRef = TST004 /* CorrectionTests.swift */; };
		TAPP005 /* HUDServicePositioningTests.swift in Sources */ = {isa = PBXBuildFile; fileRef = TST005 /* HUDServicePositioningTests.swift */; };
		TAPP006 /* AppStateTests.swift in Sources */ = {isa = PBXBuildFile; fileRef = TST006 /* AppStateTests.swift */; };
		TAPP007 /* SecurityServiceTests.swift in Sources */ = {isa = PBXBuildFile; fileRef = TST007 /* SecurityServiceTests.swift */; };
		TAPP008 /* KeyboardShortcutTests.swift in Sources */ = {isa = PBXBuildFile; fileRef = TST008 /* KeyboardShortcutTests.swift */; };
		TAPP009 /* GroqPromptConfigurationTests.swift in Sources */ = {isa = PBXBuildFile; fileRef = TST009 /* GroqPromptConfigurationTests.swift */; };
		TAPP010 /* GroqResponseParsingTests.swift in Sources */ = {isa = PBXBuildFile; fileRef = TST010 /* GroqResponseParsingTests.swift */; };
		TAPP011 /* GroqOutputValidationTests.swift in Sources */ = {isa = PBXBuildFile; fileRef = TST011 /* GroqOutputValidationTests.swift */; };
		TAPP012 /* TextCorrectionServiceTests.swift in Sources */ = {isa = PBXBuildFile; fileRef = TST012 /* TextCorrectionServiceTests.swift */; };
		TAPP013 /* SentenceChunkingTests.swift in Sources */ = {isa = PBXBuildFile; fileRef = TST013 /* SentenceChunkingTests.swift */; };
		TAPP014 /* TextSelectionFlowTests.swift in Sources */ = {isa = PBXBuildFile; fileRef = TST014 /* TextSelectionFlowTests.swift */; };
		TAPP015 /* OnboardingFlowTests.swift in Sources */ = {isa = PBXBuildFile; fileRef = TST015 /* OnboardingFlowTests.swift */; };
		TAPP016 /* TelemetryServiceTests.swift in Sources */ = {isa = PBXBuildFile; fileRef = TST016 /* TelemetryServiceTests.swift */; };
/* End PBXBuildFile section */

/* Begin PBXContainerItemProxy section */
		TPROXY001 /* PBXContainerItemProxy */ = {
			isa = PBXContainerItemProxy;
			containerPortal = PROJECT /* Project object */;
			proxyType = 1;
			remoteGlobalIDString = TARGET;
			remoteInfo = TypoFixr;
		};
/* End PBXContainerItemProxy section */

/* Begin PBXFileReference section */
		INFO001 /* Info.plist */ = {isa = PBXFileReference; lastKnownFileType = text.plist.xml; path = Info.plist; sourceTree = "<group>"; };
		ASSET001 /* Assets.xcassets */ = {isa = PBXFileReference; lastKnownFileType = folder.assetcatalog; path = Assets.xcassets; sourceTree = "<group>"; };
		PRODUCT /* TypoFixr.app */ = {isa = PBXFileReference; explicitFileType = wrapper.application; includeInIndex = 0; path = TypoFixr.app; sourceTree = BUILT_PRODUCTS_DIR; };
		TESTPRODUCT /* TypoFixrTests.xctest */ = {isa = PBXFileReference; explicitFileType = wrapper.cfbundle; includeInIndex = 0; path = TypoFixrTests.xctest; sourceTree = BUILT_PRODUCTS_DIR; };
		SRC001 /* TypoFixrApp.swift */ = {isa = PBXFileReference; lastKnownFileType = sourcecode.swift; path = TypoFixrApp.swift; sourceTree = "<group>"; };
		SRC002 /* AppDelegate.swift */ = {isa = PBXFileReference; lastKnownFileType = sourcecode.swift; path = AppDelegate.swift; sourceTree = "<group>"; };
		SRC003 /* AppState.swift */ = {isa = PBXFileReference; lastKnownFileType = sourcecode.swift; path = AppState.swift; sourceTree = "<group>"; };
		SRC004 /* Correction.swift */ = {isa = PBXFileReference; lastKnownFileType = sourcecode.swift; path = Correction.swift; sourceTree = "<group>"; };
		SRC007 /* HotkeyService.swift */ = {isa = PBXFileReference; lastKnownFileType = sourcecode.swift; path = HotkeyService.swift; sourceTree = "<group>"; };
		SRC009 /* TextCorrectionService.swift */ = {isa = PBXFileReference; lastKnownFileType = sourcecode.swift; path = TextCorrectionService.swift; sourceTree = "<group>"; };
		SRC010 /* DatabaseManager.swift */ = {isa = PBXFileReference; lastKnownFileType = sourcecode.swift; path = DatabaseManager.swift; sourceTree = "<group>"; };
		SRC011 /* MenuBarView.swift */ = {isa = PBXFileReference; lastKnownFileType = sourcecode.swift; path = MenuBarView.swift; sourceTree = "<group>"; };
		SRC012 /* SettingsView.swift */ = {isa = PBXFileReference; lastKnownFileType = sourcecode.swift; path = SettingsView.swift; sourceTree = "<group>"; };
		SRC013 /* OnboardingView.swift */ = {isa = PBXFileReference; lastKnownFileType = sourcecode.swift; path = OnboardingView.swift; sourceTree = "<group>"; };
		SRC014 /* GroqService.swift */ = {isa = PBXFileReference; lastKnownFileType = sourcecode.swift; path = GroqService.swift; sourceTree = "<group>"; };
		SRC015 /* SecurityService.swift */ = {isa = PBXFileReference; lastKnownFileType = sourcecode.swift; path = SecurityService.swift; sourceTree = "<group>"; };
		SRC016 /* NetworkMonitor.swift */ = {isa = PBXFileReference; lastKnownFileType = sourcecode.swift; path = NetworkMonitor.swift; sourceTree = "<group>"; };
		SRC017 /* HUDService.swift */ = {isa = PBXFileReference; lastKnownFileType = sourcecode.swift; path = HUDService.swift; sourceTree = "<group>"; };
		SRC018 /* HUDView.swift */ = {isa = PBXFileReference; lastKnownFileType = sourcecode.swift; path = HUDView.swift; sourceTree = "<group>"; };
		SRC019 /* OnboardingFlow.swift */ = {isa = PBXFileReference; lastKnownFileType = sourcecode.swift; path = OnboardingFlow.swift; sourceTree = "<group>"; };
		SRC020 /* Branding.swift */ = {isa = PBXFileReference; lastKnownFileType = sourcecode.swift; path = Branding.swift; sourceTree = "<group>"; };
		SRC021 /* TelemetryService.swift */ = {isa = PBXFileReference; lastKnownFileType = sourcecode.swift; path = TelemetryService.swift; sourceTree = "<group>"; };
		TST001 /* WhitespaceNormalizationTests.swift */ = {isa = PBXFileReference; lastKnownFileType = sourcecode.swift; path = WhitespaceNormalizationTests.swift; sourceTree = "<group>"; };
		TST002 /* HUDViewTests.swift */ = {isa = PBXFileReference; lastKnownFileType = sourcecode.swift; path = HUDViewTests.swift; sourceTree = "<group>"; };
		TST004 /* CorrectionTests.swift */ = {isa = PBXFileReference; lastKnownFileType = sourcecode.swift; path = CorrectionTests.swift; sourceTree = "<group>"; };
		TST005 /* HUDServicePositioningTests.swift */ = {isa = PBXFileReference; lastKnownFileType = sourcecode.swift; path = HUDServicePositioningTests.swift; sourceTree = "<group>"; };
		TST006 /* AppStateTests.swift */ = {isa = PBXFileReference; lastKnownFileType = sourcecode.swift; path = AppStateTests.swift; sourceTree = "<group>"; };
		TST007 /* SecurityServiceTests.swift */ = {isa = PBXFileReference; lastKnownFileType = sourcecode.swift; path = SecurityServiceTests.swift; sourceTree = "<group>"; };
		TST008 /* KeyboardShortcutTests.swift */ = {isa = PBXFileReference; lastKnownFileType = sourcecode.swift; path = KeyboardShortcutTests.swift; sourceTree = "<group>"; };
		TST009 /* GroqPromptConfigurationTests.swift */ = {isa = PBXFileReference; lastKnownFileType = sourcecode.swift; path = GroqPromptConfigurationTests.swift; sourceTree = "<group>"; };
		TST010 /* GroqResponseParsingTests.swift */ = {isa = PBXFileReference; lastKnownFileType = sourcecode.swift; path = GroqResponseParsingTests.swift; sourceTree = "<group>"; };
		TST011 /* GroqOutputValidationTests.swift */ = {isa = PBXFileReference; lastKnownFileType = sourcecode.swift; path = GroqOutputValidationTests.swift; sourceTree = "<group>"; };
		TST012 /* TextCorrectionServiceTests.swift */ = {isa = PBXFileReference; lastKnownFileType = sourcecode.swift; path = TextCorrectionServiceTests.swift; sourceTree = "<group>"; };
		TST013 /* SentenceChunkingTests.swift */ = {isa = PBXFileReference; lastKnownFileType = sourcecode.swift; path = SentenceChunkingTests.swift; sourceTree = "<group>"; };
		TST014 /* TextSelectionFlowTests.swift */ = {isa = PBXFileReference; lastKnownFileType = sourcecode.swift; path = TextSelectionFlowTests.swift; sourceTree = "<group>"; };
		TST015 /* OnboardingFlowTests.swift */ = {isa = PBXFileReference; lastKnownFileType = sourcecode.swift; path = OnboardingFlowTests.swift; sourceTree = "<group>"; };
		TST016 /* TelemetryServiceTests.swift */ = {isa = PBXFileReference; lastKnownFileType = sourcecode.swift; path = TelemetryServiceTests.swift; sourceTree = "<group>"; };
/* End PBXFileReference section */

/* Begin PBXFrameworksBuildPhase section */
		FRMWRK /* Frameworks */ = {
			isa = PBXFrameworksBuildPhase;
			buildActionMask = 2147483647;
			files = (
				PKG001 /* SQLite in Frameworks */,
				PKG002 /* HotKey in Frameworks */,
				PKG003 /* TelemetryDeck in Frameworks */,
			);
			runOnlyForDeploymentPostprocessing = 0;
		};
		TESTFRMWRK /* Frameworks */ = {
			isa = PBXFrameworksBuildPhase;
			buildActionMask = 2147483647;
			files = (
			);
			runOnlyForDeploymentPostprocessing = 0;
		};
/* End PBXFrameworksBuildPhase section */

/* Begin PBXResourcesBuildPhase section */
		RESOURCES /* Resources */ = {
			isa = PBXResourcesBuildPhase;
			buildActionMask = 2147483647;
			files = (
				APP021 /* Assets.xcassets in Resources */,
			);
			runOnlyForDeploymentPostprocessing = 0;
		};
/* End PBXResourcesBuildPhase section */

/* Begin PBXGroup section */
		DATABASE /* Database */ = {
			isa = PBXGroup;
			children = (
				SRC010 /* DatabaseManager.swift */,
			);
			path = Database;
			sourceTree = "<group>";
		};
		MODELS /* Models */ = {
			isa = PBXGroup;
			children = (
				SRC003 /* AppState.swift */,
				SRC004 /* Correction.swift */,
				SRC019 /* OnboardingFlow.swift */,
			);
			path = Models;
			sourceTree = "<group>";
		};
		PRODUCTS /* Products */ = {
			isa = PBXGroup;
			children = (
				PRODUCT /* TypoFixr.app */,
				TESTPRODUCT /* TypoFixrTests.xctest */,
			);
			name = Products;
			sourceTree = "<group>";
		};
		ROOT = {
			isa = PBXGroup;
			children = (
				SRCGROUP /* Sources/TypoFixr */,
				TESTROOT /* Tests */,
				PRODUCTS /* Products */,
			);
			sourceTree = "<group>";
		};
		SERVICES /* Services */ = {
			isa = PBXGroup;
			children = (
				SRC014 /* GroqService.swift */,
				SRC007 /* HotkeyService.swift */,
				SRC017 /* HUDService.swift */,
				SRC016 /* NetworkMonitor.swift */,
				SRC015 /* SecurityService.swift */,
				SRC021 /* TelemetryService.swift */,
				SRC009 /* TextCorrectionService.swift */,
			);
			path = Services;
			sourceTree = "<group>";
		};
		SRCGROUP /* Sources/TypoFixr */ = {
			isa = PBXGroup;
			children = (
				SRC001 /* TypoFixrApp.swift */,
				SRC002 /* AppDelegate.swift */,
				MODELS /* Models */,
				SERVICES /* Services */,
				DATABASE /* Database */,
				VIEWS /* Views */,
				ASSET001 /* Assets.xcassets */,
				INFO001 /* Info.plist */,
			);
			path = Sources/TypoFixr;
			sourceTree = "<group>";
		};
		TESTROOT /* Tests */ = {
			isa = PBXGroup;
			children = (
				TESTGROUP /* TypoFixrTests */,
			);
			path = Tests;
			sourceTree = "<group>";
		};
		TESTGROUP /* TypoFixrTests */ = {
			isa = PBXGroup;
			children = (
				TST006 /* AppStateTests.swift */,
				TST004 /* CorrectionTests.swift */,
				TST011 /* GroqOutputValidationTests.swift */,
				TST009 /* GroqPromptConfigurationTests.swift */,
				TST010 /* GroqResponseParsingTests.swift */,
				TST005 /* HUDServicePositioningTests.swift */,
				TST002 /* HUDViewTests.swift */,
				TST008 /* KeyboardShortcutTests.swift */,
				TST007 /* SecurityServiceTests.swift */,
				TST013 /* SentenceChunkingTests.swift */,
				TST012 /* TextCorrectionServiceTests.swift */,
				TST014 /* TextSelectionFlowTests.swift */,
				TST016 /* TelemetryServiceTests.swift */,
				TST015 /* OnboardingFlowTests.swift */,
				TST001 /* WhitespaceNormalizationTests.swift */,
			);
			path = TypoFixrTests;
			sourceTree = "<group>";
		};
		VIEWS /* Views */ = {
			isa = PBXGroup;
			children = (
				SRC020 /* Branding.swift */,
				SRC018 /* HUDView.swift */,
				SRC011 /* MenuBarView.swift */,
				SRC013 /* OnboardingView.swift */,
				SRC012 /* SettingsView.swift */,
			);
			path = Views;
			sourceTree = "<group>";
		};
/* End PBXGroup section */

/* Begin PBXNativeTarget section */
		TARGET /* TypoFixr */ = {
			isa = PBXNativeTarget;
			buildConfigurationList = TARGETCONFIGS /* Build configuration list for PBXNativeTarget "TypoFixr" */;
			buildPhases = (
				SOURCES /* Sources */,
				FRMWRK /* Frameworks */,
				RESOURCES /* Resources */,
			);
			buildRules = (
			);
			dependencies = (
			);
			name = TypoFixr;
			packageProductDependencies = (
				PKGREF001 /* SQLite */,
				PKGREF002 /* HotKey */,
				PKGREF003 /* TelemetryDeck */,
			);
			productName = TypoFixr;
			productReference = PRODUCT /* TypoFixr.app */;
			productType = "com.apple.product-type.application";
		};
		TESTTARGET /* TypoFixrTests */ = {
			isa = PBXNativeTarget;
			buildConfigurationList = TESTCONFIGS /* Build configuration list for PBXNativeTarget "TypoFixrTests" */;
			buildPhases = (
				TESTSOURCES /* Sources */,
				TESTFRMWRK /* Frameworks */,
			);
			buildRules = (
			);
			dependencies = (
				TDEP001 /* PBXTargetDependency */,
			);
			name = TypoFixrTests;
			productName = TypoFixrTests;
			productReference = TESTPRODUCT /* TypoFixrTests.xctest */;
			productType = "com.apple.product-type.bundle.unit-test";
		};
/* End PBXNativeTarget section */

/* Begin PBXProject section */
		PROJECT /* Project object */ = {
			isa = PBXProject;
			attributes = {
				BuildIndependentTargetsInParallel = 1;
				LastSwiftUpdateCheck = 1500;
				LastUpgradeCheck = 2620;
				TargetAttributes = {
					TARGET = {
						CreatedOnToolsVersion = 15.0;
					};
					TESTTARGET = {
						CreatedOnToolsVersion = 15.0;
						TestTargetID = TARGET;
					};
				};
			};
			buildConfigurationList = PROJECTCONFIGS /* Build configuration list for PBXProject "TypoFixr" */;
			compatibilityVersion = "Xcode 14.0";
			developmentRegion = en;
			hasScannedForEncodings = 0;
			knownRegions = (
				en,
				Base,
			);
			mainGroup = ROOT;
			packageReferences = (
				PKGREMOTE001 /* XCRemoteSwiftPackageReference "SQLite.swift" */,
				PKGREMOTE002 /* XCRemoteSwiftPackageReference "HotKey" */,
				PKGREMOTE003 /* XCRemoteSwiftPackageReference "SwiftSDK" */,
			);
			productRefGroup = PRODUCTS /* Products */;
			projectDirPath = "";
			projectRoot = "";
			targets = (
				TARGET /* TypoFixr */,
				TESTTARGET /* TypoFixrTests */,
			);
		};
/* End PBXProject section */

/* Begin PBXSourcesBuildPhase section */
		SOURCES /* Sources */ = {
			isa = PBXSourcesBuildPhase;
			buildActionMask = 2147483647;
			files = (
				APP001 /* TypoFixrApp.swift in Sources */,
				APP002 /* AppDelegate.swift in Sources */,
				APP003 /* AppState.swift in Sources */,
				APP004 /* Correction.swift in Sources */,
				APP007 /* HotkeyService.swift in Sources */,
				APP009 /* TextCorrectionService.swift in Sources */,
				APP010 /* DatabaseManager.swift in Sources */,
				APP011 /* MenuBarView.swift in Sources */,
				APP012 /* SettingsView.swift in Sources */,
				APP013 /* OnboardingView.swift in Sources */,
				APP014 /* GroqService.swift in Sources */,
				APP015 /* SecurityService.swift in Sources */,
				APP016 /* NetworkMonitor.swift in Sources */,
				APP017 /* HUDService.swift in Sources */,
				APP018 /* HUDView.swift in Sources */,
				APP019 /* OnboardingFlow.swift in Sources */,
				APP020 /* Branding.swift in Sources */,
				APP022 /* TelemetryService.swift in Sources */,
			);
			runOnlyForDeploymentPostprocessing = 0;
		};
		TESTSOURCES /* Sources */ = {
			isa = PBXSourcesBuildPhase;
			buildActionMask = 2147483647;
			files = (
				TAPP001 /* WhitespaceNormalizationTests.swift in Sources */,
				TAPP002 /* HUDViewTests.swift in Sources */,
				TAPP004 /* CorrectionTests.swift in Sources */,
				TAPP005 /* HUDServicePositioningTests.swift in Sources */,
				TAPP006 /* AppStateTests.swift in Sources */,
				TAPP007 /* SecurityServiceTests.swift in Sources */,
				TAPP008 /* KeyboardShortcutTests.swift in Sources */,
				TAPP009 /* GroqPromptConfigurationTests.swift in Sources */,
				TAPP010 /* GroqResponseParsingTests.swift in Sources */,
				TAPP011 /* GroqOutputValidationTests.swift in Sources */,
				TAPP012 /* TextCorrectionServiceTests.swift in Sources */,
				TAPP013 /* SentenceChunkingTests.swift in Sources */,
				TAPP014 /* TextSelectionFlowTests.swift in Sources */,
				TAPP016 /* TelemetryServiceTests.swift in Sources */,
				TAPP015 /* OnboardingFlowTests.swift in Sources */,
			);
			runOnlyForDeploymentPostprocessing = 0;
		};
/* End PBXSourcesBuildPhase section */

/* Begin PBXTargetDependency section */
		TDEP001 /* PBXTargetDependency */ = {
			isa = PBXTargetDependency;
			target = TARGET /* TypoFixr */;
			targetProxy = TPROXY001 /* PBXContainerItemProxy */;
		};
/* End PBXTargetDependency section */

/* Begin XCBuildConfiguration section */
		DEBUGPROJECT /* Debug */ = {
			isa = XCBuildConfiguration;
			buildSettings = {
				ALWAYS_SEARCH_USER_PATHS = NO;
				ASSETCATALOG_COMPILER_GENERATE_SWIFT_ASSET_SYMBOL_EXTENSIONS = YES;
				CLANG_ANALYZER_NONNULL = YES;
				CLANG_ANALYZER_NUMBER_OBJECT_CONVERSION = YES_AGGRESSIVE;
				CLANG_CXX_LANGUAGE_STANDARD = "gnu++20";
				CLANG_ENABLE_MODULES = YES;
				CLANG_ENABLE_OBJC_ARC = YES;
				CLANG_ENABLE_OBJC_WEAK = YES;
				CLANG_WARN_BLOCK_CAPTURE_AUTORELEASING = YES;
				CLANG_WARN_BOOL_CONVERSION = YES;
				CLANG_WARN_COMMA = YES;
				CLANG_WARN_CONSTANT_CONVERSION = YES;
				CLANG_WARN_DEPRECATED_OBJC_IMPLEMENTATIONS = YES;
				CLANG_WARN_DIRECT_OBJC_ISA_USAGE = YES_ERROR;
				CLANG_WARN_DOCUMENTATION_COMMENTS = YES;
				CLANG_WARN_EMPTY_BODY = YES;
				CLANG_WARN_ENUM_CONVERSION = YES;
				CLANG_WARN_INFINITE_RECURSION = YES;
				CLANG_WARN_INT_CONVERSION = YES;
				CLANG_WARN_NON_LITERAL_NULL_CONVERSION = YES;
				CLANG_WARN_OBJC_IMPLICIT_RETAIN_SELF = YES;
				CLANG_WARN_OBJC_LITERAL_CONVERSION = YES;
				CLANG_WARN_OBJC_ROOT_CLASS = YES_ERROR;
				CLANG_WARN_QUOTED_INCLUDE_IN_FRAMEWORK_HEADER = YES;
				CLANG_WARN_RANGE_LOOP_ANALYSIS = YES;
				CLANG_WARN_STRICT_PROTOTYPES = YES;
				CLANG_WARN_SUSPICIOUS_MOVE = YES;
				CLANG_WARN_UNGUARDED_AVAILABILITY = YES_AGGRESSIVE;
				CLANG_WARN_UNREACHABLE_CODE = YES;
				CLANG_WARN__DUPLICATE_METHOD_MATCH = YES;
				COPY_PHASE_STRIP = NO;
				DEAD_CODE_STRIPPING = YES;
				DEBUG_INFORMATION_FORMAT = dwarf;
				ENABLE_STRICT_OBJC_MSGSEND = YES;
				ENABLE_TESTABILITY = YES;
				ENABLE_USER_SCRIPT_SANDBOXING = YES;
				GCC_C_LANGUAGE_STANDARD = gnu17;
				GCC_DYNAMIC_NO_PIC = NO;
				GCC_NO_COMMON_BLOCKS = YES;
				GCC_OPTIMIZATION_LEVEL = 0;
				GCC_PREPROCESSOR_DEFINITIONS = (
					"DEBUG=1",
					"$(inherited)",
				);
				GCC_WARN_64_TO_32_BIT_CONVERSION = YES;
				GCC_WARN_ABOUT_RETURN_TYPE = YES_ERROR;
				GCC_WARN_UNDECLARED_SELECTOR = YES;
				GCC_WARN_UNINITIALIZED_AUTOS = YES_AGGRESSIVE;
				GCC_WARN_UNUSED_FUNCTION = YES;
				GCC_WARN_UNUSED_VARIABLE = YES;
				LOCALIZATION_PREFERS_STRING_CATALOGS = YES;
				MACOSX_DEPLOYMENT_TARGET = 13.0;
				MTL_ENABLE_DEBUG_INFO = INCLUDE_SOURCE;
				MTL_FAST_MATH = YES;
				ONLY_ACTIVE_ARCH = YES;
				SDKROOT = macosx;
				STRING_CATALOG_GENERATE_SYMBOLS = YES;
				SWIFT_ACTIVE_COMPILATION_CONDITIONS = "DEBUG $(inherited)";
				SWIFT_OPTIMIZATION_LEVEL = "-Onone";
			};
			name = Debug;
		};
		DEBUGTARGET /* Debug */ = {
			isa = XCBuildConfiguration;
			buildSettings = {
				ASSETCATALOG_COMPILER_APPICON_NAME = AppIcon;
				ASSETCATALOG_COMPILER_GLOBAL_ACCENT_COLOR_NAME = AccentColor;
				CODE_SIGN_ENTITLEMENTS = "";
				CODE_SIGN_STYLE = Automatic;
				COMBINE_HIDPI_IMAGES = YES;
				CURRENT_PROJECT_VERSION = 1;
				DEAD_CODE_STRIPPING = YES;
				DEVELOPMENT_TEAM = "";
				ENABLE_HARDENED_RUNTIME = NO;
				GENERATE_INFOPLIST_FILE = NO;
				INFOPLIST_FILE = Sources/TypoFixr/Info.plist;
				INFOPLIST_KEY_LSApplicationCategoryType = "public.app-category.productivity";
				INFOPLIST_KEY_LSUIElement = YES;
				INFOPLIST_KEY_NSHumanReadableCopyright = "Copyright © 2026 TypoFixr. All rights reserved.";
				LD_RUNPATH_SEARCH_PATHS = (
					"$(inherited)",
					"@executable_path/../Frameworks",
				);
				MARKETING_VERSION = 1.3.4;
				PRODUCT_BUNDLE_IDENTIFIER = com.typofixr.app;
				PRODUCT_NAME = "$(TARGET_NAME)";
				SWIFT_EMIT_LOC_STRINGS = YES;
				SWIFT_VERSION = 5.9;
			};
			name = Debug;
		};
		DEBUGTEST /* Debug */ = {
			isa = XCBuildConfiguration;
			buildSettings = {
				BUNDLE_LOADER = "$(TEST_HOST)";
				CODE_SIGN_STYLE = Automatic;
				CURRENT_PROJECT_VERSION = 1;
				DEAD_CODE_STRIPPING = YES;
				GENERATE_INFOPLIST_FILE = YES;
				MARKETING_VERSION = 1.3.4;
				PRODUCT_BUNDLE_IDENTIFIER = com.typofixr.app.tests;
				PRODUCT_NAME = "$(TARGET_NAME)";
				SWIFT_EMIT_LOC_STRINGS = NO;
				SWIFT_VERSION = 5.9;
				TEST_HOST = "$(BUILT_PRODUCTS_DIR)/TypoFixr.app/Contents/MacOS/TypoFixr";
			};
			name = Debug;
		};
		RELEASEPROJECT /* Release */ = {
			isa = XCBuildConfiguration;
			buildSettings = {
				ALWAYS_SEARCH_USER_PATHS = NO;
				ASSETCATALOG_COMPILER_GENERATE_SWIFT_ASSET_SYMBOL_EXTENSIONS = YES;
				CLANG_ANALYZER_NONNULL = YES;
				CLANG_ANALYZER_NUMBER_OBJECT_CONVERSION = YES_AGGRESSIVE;
				CLANG_CXX_LANGUAGE_STANDARD = "gnu++20";
				CLANG_ENABLE_MODULES = YES;
				CLANG_ENABLE_OBJC_ARC = YES;
				CLANG_ENABLE_OBJC_WEAK = YES;
				CLANG_WARN_BLOCK_CAPTURE_AUTORELEASING = YES;
				CLANG_WARN_BOOL_CONVERSION = YES;
				CLANG_WARN_COMMA = YES;
				CLANG_WARN_CONSTANT_CONVERSION = YES;
				CLANG_WARN_DEPRECATED_OBJC_IMPLEMENTATIONS = YES;
				CLANG_WARN_DIRECT_OBJC_ISA_USAGE = YES_ERROR;
				CLANG_WARN_DOCUMENTATION_COMMENTS = YES;
				CLANG_WARN_EMPTY_BODY = YES;
				CLANG_WARN_ENUM_CONVERSION = YES;
				CLANG_WARN_INFINITE_RECURSION = YES;
				CLANG_WARN_INT_CONVERSION = YES;
				CLANG_WARN_NON_LITERAL_NULL_CONVERSION = YES;
				CLANG_WARN_OBJC_IMPLICIT_RETAIN_SELF = YES;
				CLANG_WARN_OBJC_LITERAL_CONVERSION = YES;
				CLANG_WARN_OBJC_ROOT_CLASS = YES_ERROR;
				CLANG_WARN_QUOTED_INCLUDE_IN_FRAMEWORK_HEADER = YES;
				CLANG_WARN_RANGE_LOOP_ANALYSIS = YES;
				CLANG_WARN_STRICT_PROTOTYPES = YES;
				CLANG_WARN_SUSPICIOUS_MOVE = YES;
				CLANG_WARN_UNGUARDED_AVAILABILITY = YES_AGGRESSIVE;
				CLANG_WARN_UNREACHABLE_CODE = YES;
				CLANG_WARN__DUPLICATE_METHOD_MATCH = YES;
				COPY_PHASE_STRIP = NO;
				DEAD_CODE_STRIPPING = YES;
				DEBUG_INFORMATION_FORMAT = "dwarf-with-dsym";
				ENABLE_NS_ASSERTIONS = NO;
				ENABLE_STRICT_OBJC_MSGSEND = YES;
				ENABLE_USER_SCRIPT_SANDBOXING = YES;
				GCC_C_LANGUAGE_STANDARD = gnu17;
				GCC_NO_COMMON_BLOCKS = YES;
				GCC_WARN_64_TO_32_BIT_CONVERSION = YES;
				GCC_WARN_ABOUT_RETURN_TYPE = YES_ERROR;
				GCC_WARN_UNDECLARED_SELECTOR = YES;
				GCC_WARN_UNINITIALIZED_AUTOS = YES_AGGRESSIVE;
				GCC_WARN_UNUSED_FUNCTION = YES;
				GCC_WARN_UNUSED_VARIABLE = YES;
				LOCALIZATION_PREFERS_STRING_CATALOGS = YES;
				MACOSX_DEPLOYMENT_TARGET = 13.0;
				MTL_ENABLE_DEBUG_INFO = NO;
				MTL_FAST_MATH = YES;
				SDKROOT = macosx;
				STRING_CATALOG_GENERATE_SYMBOLS = YES;
				SWIFT_COMPILATION_MODE = wholemodule;
			};
			name = Release;
		};
		RELEASETARGET /* Release */ = {
			isa = XCBuildConfiguration;
			buildSettings = {
				ASSETCATALOG_COMPILER_APPICON_NAME = AppIcon;
				ASSETCATALOG_COMPILER_GLOBAL_ACCENT_COLOR_NAME = AccentColor;
				CODE_SIGN_ENTITLEMENTS = "";
				CODE_SIGN_STYLE = Automatic;
				COMBINE_HIDPI_IMAGES = YES;
				CURRENT_PROJECT_VERSION = 1;
				DEAD_CODE_STRIPPING = YES;
				DEVELOPMENT_TEAM = "";
				ENABLE_HARDENED_RUNTIME = NO;
				GENERATE_INFOPLIST_FILE = NO;
				INFOPLIST_FILE = Sources/TypoFixr/Info.plist;
				INFOPLIST_KEY_LSApplicationCategoryType = "public.app-category.productivity";
				INFOPLIST_KEY_LSUIElement = YES;
				INFOPLIST_KEY_NSHumanReadableCopyright = "Copyright © 2026 TypoFixr. All rights reserved.";
				LD_RUNPATH_SEARCH_PATHS = (
					"$(inherited)",
					"@executable_path/../Frameworks",
				);
				MARKETING_VERSION = 1.3.4;
				PRODUCT_BUNDLE_IDENTIFIER = com.typofixr.app;
				PRODUCT_NAME = "$(TARGET_NAME)";
				SWIFT_EMIT_LOC_STRINGS = YES;
				SWIFT_VERSION = 5.9;
			};
			name = Release;
		};
		RELEASETEST /* Release */ = {
			isa = XCBuildConfiguration;
			buildSettings = {
				BUNDLE_LOADER = "$(TEST_HOST)";
				CODE_SIGN_STYLE = Automatic;
				CURRENT_PROJECT_VERSION = 1;
				DEAD_CODE_STRIPPING = YES;
				GENERATE_INFOPLIST_FILE = YES;
				MARKETING_VERSION = 1.3.4;
				PRODUCT_BUNDLE_IDENTIFIER = com.typofixr.app.tests;
				PRODUCT_NAME = "$(TARGET_NAME)";
				SWIFT_EMIT_LOC_STRINGS = NO;
				SWIFT_VERSION = 5.9;
				TEST_HOST = "$(BUILT_PRODUCTS_DIR)/TypoFixr.app/Contents/MacOS/TypoFixr";
			};
			name = Release;
		};
/* End XCBuildConfiguration section */

/* Begin XCConfigurationList section */
		PROJECTCONFIGS /* Build configuration list for PBXProject "TypoFixr" */ = {
			isa = XCConfigurationList;
			buildConfigurations = (
				DEBUGPROJECT /* Debug */,
				RELEASEPROJECT /* Release */,
			);
			defaultConfigurationIsVisible = 0;
			defaultConfigurationName = Release;
		};
		TARGETCONFIGS /* Build configuration list for PBXNativeTarget "TypoFixr" */ = {
			isa = XCConfigurationList;
			buildConfigurations = (
				DEBUGTARGET /* Debug */,
				RELEASETARGET /* Release */,
			);
			defaultConfigurationIsVisible = 0;
			defaultConfigurationName = Release;
		};
		TESTCONFIGS /* Build configuration list for PBXNativeTarget "TypoFixrTests" */ = {
			isa = XCConfigurationList;
			buildConfigurations = (
				DEBUGTEST /* Debug */,
				RELEASETEST /* Release */,
			);
			defaultConfigurationIsVisible = 0;
			defaultConfigurationName = Release;
		};
/* End XCConfigurationList section */

/* Begin XCRemoteSwiftPackageReference section */
		PKGREMOTE001 /* XCRemoteSwiftPackageReference "SQLite.swift" */ = {
			isa = XCRemoteSwiftPackageReference;
			repositoryURL = "https://github.com/stephencelis/SQLite.swift.git";
			requirement = {
				kind = exactVersion;
				version = 0.14.1;
			};
		};
		PKGREMOTE002 /* XCRemoteSwiftPackageReference "HotKey" */ = {
			isa = XCRemoteSwiftPackageReference;
			repositoryURL = "https://github.com/soffes/HotKey.git";
			requirement = {
				kind = upToNextMajorVersion;
				minimumVersion = 0.2.0;
			};
		};
		PKGREMOTE003 /* XCRemoteSwiftPackageReference "SwiftSDK" */ = {
			isa = XCRemoteSwiftPackageReference;
			repositoryURL = "https://github.com/TelemetryDeck/SwiftSDK";
			requirement = {
				kind = upToNextMajorVersion;
				minimumVersion = 2.11.0;
			};
		};
/* End XCRemoteSwiftPackageReference section */

/* Begin XCSwiftPackageProductDependency section */
		PKGREF001 /* SQLite */ = {
			isa = XCSwiftPackageProductDependency;
			package = PKGREMOTE001 /* XCRemoteSwiftPackageReference "SQLite.swift" */;
			productName = SQLite;
		};
		PKGREF002 /* HotKey */ = {
			isa = XCSwiftPackageProductDependency;
			package = PKGREMOTE002 /* XCRemoteSwiftPackageReference "HotKey" */;
			productName = HotKey;
		};
		PKGREF003 /* TelemetryDeck */ = {
			isa = XCSwiftPackageProductDependency;
			package = PKGREMOTE003 /* XCRemoteSwiftPackageReference "SwiftSDK" */;
			productName = TelemetryDeck;
		};
/* End XCSwiftPackageProductDependency section */
	};
	rootObject = PROJECT /* Project object */;
}
